
Microsoft Visual Studio Solution File, Format Version 12.00
# Visual Studio Version 16
VisualStudioVersion = 16.0.29306.81
MinimumVisualStudioVersion = 10.0.40219.1
Project("{9A19103F-16F7-4668-BE54-9A1E7A4F7556}") = "Assignment_1_Bartosz", "Assignment_1_Bartosz\Assignment_1_Bartosz.csproj", "{5A03CF67-1099-42C1-9C42-D41AF02321F8}"
EndProject
Project("{9A19103F-16F7-4668-BE54-9A1E7A4F7556}") = "Testing", "Testing\Testing.csproj", "{E3844A11-CE98-47D7-A0A3-A62CC8451E6E}"
EndProject
Project("{FAE04EC0-301F-11D3-BF4B-00C04F79EFBC}") = "RestService", "RestService\RestService.csproj", "{9650ECBD-DEB5-4718-8B20-7C6070D12F00}"
EndProject
Global
	GlobalSection(SolutionConfigurationPlatforms) = preSolution
		Debug|Any CPU = Debug|Any CPU
		Release|Any CPU = Release|Any CPU
	EndGlobalSection
	GlobalSection(ProjectConfigurationPlatforms) = postSolution
		{5A03CF67-1099-42C1-9C42-D41AF02321F8}.Debug|Any CPU.ActiveCfg = Debug|Any CPU
		{5A03CF67-1099-42C1-9C42-D41AF02321F8}.Debug|Any CPU.Build.0 = Debug|Any CPU
		{5A03CF67-1099-42C1-9C42-D41AF02321F8}.Release|Any CPU.ActiveCfg = Release|Any CPU
		{5A03CF67-1099-42C1-9C42-D41AF02321F8}.Release|Any CPU.Build.0 = Release|Any CPU
		{E3844A11-CE98-47D7-A0A3-A62CC8451E6E}.Debug|Any CPU.ActiveCfg = Debug|Any CPU
		{E3844A11-CE98-47D7-A0A3-A62CC8451E6E}.Debug|Any CPU.Build.0 = Debug|Any CPU
		{E3844A11-CE98-47D7-A0A3-A62CC8451E6E}.Release|Any CPU.ActiveCfg = Release|Any CPU
		{E3844A11-CE98-47D7-A0A3-A62CC8451E6E}.Release|Any CPU.Build.0 = Release|Any CPU
		{9650ECBD-DEB5-4718-8B20-7C6070D12F00}.Debug|Any CPU.ActiveCfg = Debug|Any CPU
		{9650ECBD-DEB5-4718-8B20-7C6070D12F00}.Debug|Any CPU.Build.0 = Debug|Any CPU
		{9650ECBD-DEB5-4718-8B20-7C6070D12F00}.Release|Any CPU.ActiveCfg = Release|Any CPU
		{9650ECBD-DEB5-4718-8B20-7C6070D12F00}.Release|Any CPU.Build.0 = Release|Any CPU
	EndGlobalSection
	GlobalSection(SolutionProperties) = preSolution
		HideSolutionNode = FALSE
	EndGlobalSection
	GlobalSection(ExtensibilityGlobals) = postSolution
		SolutionGuid = {25A401E1-1A1E-4C07-8200-70210DE520D3}
	EndGlobalSection
EndGlobal
